
Microsoft Visual Studio Solution File, Format Version 12.00
# Visual Studio 15
Project("{FAE04EC0-301F-11D3-BF4B-00C04F79EFBC}") = "RandomForestTraker1203", "RandomForestTraker1203.csproj", "{B226C6C4-AAD5-49A9-EE19-CAFBE8329306}"
EndProject
Global
	GlobalSection(SolutionConfigurationPlatforms) = preSolution
		Debug|Any CPU = Debug|Any CPU
		Release|Any CPU = Release|Any CPU
	EndGlobalSection
	GlobalSection(ProjectConfigurationPlatforms) = postSolution
		{B226C6C4-AAD5-49A9-EE19-CAFBE8329306}.Debug|Any CPU.ActiveCfg = Debug|Any CPU
		{B226C6C4-AAD5-49A9-EE19-CAFBE8329306}.Debug|Any CPU.Build.0 = Debug|Any CPU
		{B226C6C4-AAD5-49A9-EE19-CAFBE8329306}.Release|Any CPU.ActiveCfg = Release|Any CPU
		{B226C6C4-AAD5-49A9-EE19-CAFBE8329306}.Release|Any CPU.Build.0 = Release|Any CPU
	EndGlobalSection
	GlobalSection(SolutionProperties) = preSolution
		HideSolutionNode = FALSE
	EndGlobalSection
EndGlobal
